// !$*UTF8*$!
{
	archiveVersion = 1;
	classes = {
	};
	objectVersion = 48;
	objects = {

/* Begin PBXBuildFile section */
		CC363689206359D1000B1EC2 /* AppDelegate.swift in Sources */ = {isa = PBXBuildFile; fileRef = CC363688206359D1000B1EC2 /* AppDelegate.swift */; };
		CC36368B206359D1000B1EC2 /* ViewController.swift in Sources */ = {isa = PBXBuildFile; fileRef = CC36368A206359D1000B1EC2 /* ViewController.swift */; };
		CC36368E206359D1000B1EC2 /* Main.storyboard in Resources */ = {isa = PBXBuildFile; fileRef = CC36368C206359D1000B1EC2 /* Main.storyboard */; };
		CC363690206359D1000B1EC2 /* Assets.xcassets in Resources */ = {isa = PBXBuildFile; fileRef = CC36368F206359D1000B1EC2 /* Assets.xcassets */; };
		CC363693206359D1000B1EC2 /* LaunchScreen.storyboard in Resources */ = {isa = PBXBuildFile; fileRef = CC363691206359D1000B1EC2 /* LaunchScreen.storyboard */; };
		CC36369B20635A88000B1EC2 /* Helpora.framework in Frameworks */ = {isa = PBXBuildFile; fileRef = CC36369A20635A88000B1EC2 /* Helpora.framework */; };
		CC36369C20635A88000B1EC2 /* Helpora.framework in Embed Frameworks */ = {isa = PBXBuildFile; fileRef = CC36369A20635A88000B1EC2 /* Helpora.framework */; settings = {ATTRIBUTES = (CodeSignOnCopy, RemoveHeadersOnCopy, ); }; };
		CC3636A020635B39000B1EC2 /* index.json in Resources */ = {isa = PBXBuildFile; fileRef = CC36369F20635B39000B1EC2 /* index.json */; };
/* End PBXBuildFile section */

/* Begin PBXCopyFilesBuildPhase section */
		CC36369D20635A88000B1EC2 /* Embed Frameworks */ = {
			isa = PBXCopyFilesBuildPhase;
			buildActionMask = 2147483647;
			dstPath = "";
			dstSubfolderSpec = 10;
			files = (
				CC36369C20635A88000B1EC2 /* Helpora.framework in Embed Frameworks */,
			);
			name = "Embed Frameworks";
			runOnlyForDeploymentPostprocessing = 0;
		};
/* End PBXCopyFilesBuildPhase section */

/* Begin PBXFileReference section */
		CC363685206359D1000B1EC2 /* Helpora-iOS.app */ = {isa = PBXFileReference; explicitFileType = wrapper.application; includeInIndex = 0; path = "Helpora-iOS.app"; sourceTree = BUILT_PRODUCTS_DIR; };
		CC363688206359D1000B1EC2 /* AppDelegate.swift */ = {isa = PBXFileReference; lastKnownFileType = sourcecode.swift; path = AppDelegate.swift; sourceTree = "<group>"; };
		CC36368A206359D1000B1EC2 /* ViewController.swift */ = {isa = PBXFileReference; lastKnownFileType = sourcecode.swift; path = ViewController.swift; sourceTree = "<group>"; };
		CC36368D206359D1000B1EC2 /* Base */ = {isa = PBXFileReference; lastKnownFileType = file.storyboard; name = Base; path = Base.lproj/Main.storyboard; sourceTree = "<group>"; };
		CC36368F206359D1000B1EC2 /* Assets.xcassets */ = {isa = PBXFileReference; lastKnownFileType = folder.assetcatalog; path = Assets.xcassets; sourceTree = "<group>"; };
		CC363692206359D1000B1EC2 /* Base */ = {isa = PBXFileReference; lastKnownFileType = file.storyboard; name = Base; path = Base.lproj/LaunchScreen.storyboard; sourceTree = "<group>"; };
		CC363694206359D1000B1EC2 /* Info.plist */ = {isa = PBXFileReference; lastKnownFileType = text.plist.xml; path = Info.plist; sourceTree = "<group>"; };
		CC36369A20635A88000B1EC2 /* Helpora.framework */ = {isa = PBXFileReference; explicitFileType = wrapper.framework; path = Helpora.framework; sourceTree = BUILT_PRODUCTS_DIR; };
		CC36369F20635B39000B1EC2 /* index.json */ = {isa = PBXFileReference; lastKnownFileType = text.json; path = index.json; sourceTree = "<group>"; };
/* End PBXFileReference section */

/* Begin PBXFrameworksBuildPhase section */
		CC363682206359D1000B1EC2 /* Frameworks */ = {
			isa = PBXFrameworksBuildPhase;
			buildActionMask = 2147483647;
			files = (
				CC36369B20635A88000B1EC2 /* Helpora.framework in Frameworks */,
			);
			runOnlyForDeploymentPostprocessing = 0;
		};
/* End PBXFrameworksBuildPhase section */

/* Begin PBXGroup section */
		CC36367C206359D0000B1EC2 = {
			isa = PBXGroup;
			children = (
				CC36369A20635A88000B1EC2 /* Helpora.framework */,
				CC363687206359D1000B1EC2 /* Helpora-iOS */,
				CC363686206359D1000B1EC2 /* Products */,
			);
			sourceTree = "<group>";
		};
		CC363686206359D1000B1EC2 /* Products */ = {
			isa = PBXGroup;
			children = (
				CC363685206359D1000B1EC2 /* Helpora-iOS.app */,
			);
			name = Products;
			sourceTree = "<group>";
		};
		CC363687206359D1000B1EC2 /* Helpora-iOS */ = {
			isa = PBXGroup;
			children = (
				CC363688206359D1000B1EC2 /* AppDelegate.swift */,
				CC36368A206359D1000B1EC2 /* ViewController.swift */,
				CC36368C206359D1000B1EC2 /* Main.storyboard */,
				CC36368F206359D1000B1EC2 /* Assets.xcassets */,
				CC363691206359D1000B1EC2 /* LaunchScreen.storyboard */,
				CC363694206359D1000B1EC2 /* Info.plist */,
				CC36369F20635B39000B1EC2 /* index.json */,
			);
			path = "Helpora-iOS";
			sourceTree = "<group>";
		};
/* End PBXGroup section */

/* Begin PBXNativeTarget section */
		CC363684206359D1000B1EC2 /* Helpora-iOS */ = {
			isa = PBXNativeTarget;
			buildConfigurationList = CC363697206359D1000B1EC2 /* Build configuration list for PBXNativeTarget "Helpora-iOS" */;
			buildPhases = (
				CC363681206359D1000B1EC2 /* Sources */,
				CC363682206359D1000B1EC2 /* Frameworks */,
				CC363683206359D1000B1EC2 /* Resources */,
				CC36369D20635A88000B1EC2 /* Embed Frameworks */,
			);
			buildRules = (
			);
			dependencies = (
			);
			name = "Helpora-iOS";
			productName = "Helpora-iOS";
			productReference = CC363685206359D1000B1EC2 /* Helpora-iOS.app */;
			productType = "com.apple.product-type.application";
		};
/* End PBXNativeTarget section */

/* Begin PBXProject section */
		CC36367D206359D1000B1EC2 /* Project object */ = {
			isa = PBXProject;
			attributes = {
				LastSwiftUpdateCheck = 0920;
				LastUpgradeCheck = 0920;
				ORGANIZATIONNAME = Aeta;
				TargetAttributes = {
					CC363684206359D1000B1EC2 = {
						CreatedOnToolsVersion = 9.2;
						ProvisioningStyle = Automatic;
					};
				};
			};
			buildConfigurationList = CC363680206359D1000B1EC2 /* Build configuration list for PBXProject "Helpora-iOS" */;
			compatibilityVersion = "Xcode 8.0";
			developmentRegion = en;
			hasScannedForEncodings = 0;
			knownRegions = (
				en,
				Base,
			);
			mainGroup = CC36367C206359D0000B1EC2;
			productRefGroup = CC363686206359D1000B1EC2 /* Products */;
			projectDirPath = "";
			projectRoot = "";
			targets = (
				CC363684206359D1000B1EC2 /* Helpora-iOS */,
			);
		};
/* End PBXProject section */

/* Begin PBXResourcesBuildPhase section */
		CC363683206359D1000B1EC2 /* Resources */ = {
			isa = PBXResourcesBuildPhase;
			buildActionMask = 2147483647;
			files = (
				CC363693206359D1000B1EC2 /* LaunchScreen.storyboard in Resources */,
				CC363690206359D1000B1EC2 /* Assets.xcassets in Resources */,
				CC3636A020635B39000B1EC2 /* index.json in Resources */,
				CC36368E206359D1000B1EC2 /* Main.storyboard in Resources */,
			);
			runOnlyForDeploymentPostprocessing = 0;
		};
/* End PBXResourcesBuildPhase section */

/* Begin PBXSourcesBuildPhase section */
		CC363681206359D1000B1EC2 /* Sources */ = {
			isa = PBXSourcesBuildPhase;
			buildActionMask = 2147483647;
			files = (
				CC36368B206359D1000B1EC2 /* ViewController.swift in Sources */,
				CC363689206359D1000B1EC2 /* AppDelegate.swift in Sources */,
			);
			runOnlyForDeploymentPostprocessing = 0;
		};
/* End PBXSourcesBuildPhase section */

/* Begin PBXVariantGroup section */
		CC36368C206359D1000B1EC2 /* Main.storyboard */ = {
			isa = PBXVariantGroup;
			children = (
				CC36368D206359D1000B1EC2 /* Base */,
			);
			name = Main.storyboard;
			sourceTree = "<group>";
		};
		CC363691206359D1000B1EC2 /* LaunchScreen.storyboard */ = {
			isa = PBXVariantGroup;
			children = (
				CC363692206359D1000B1EC2 /* Base */,
			);
			name = LaunchScreen.storyboard;
			sourceTree = "<group>";
		};
/* End PBXVariantGroup section */

/* Begin XCBuildConfiguration section */
		CC363695206359D1000B1EC2 /* Debug */ = {
			isa = XCBuildConfiguration;
			buildSettings = {
				ALWAYS_SEARCH_USER_PATHS = NO;
				CLANG_ANALYZER_NONNULL = YES;
				CLANG_ANALYZER_NUMBER_OBJECT_CONVERSION = YES_AGGRESSIVE;
				CLANG_CXX_LANGUAGE_STANDARD = "gnu++14";
				CLANG_CXX_LIBRARY = "libc++";
				CLANG_ENABLE_MODULES = YES;
				CLANG_ENABLE_OBJC_ARC = YES;
				CLANG_WARN_BLOCK_CAPTURE_AUTORELEASING = YES;
				CLANG_WARN_BOOL_CONVERSION = YES;
				CLANG_WARN_COMMA = YES;
				CLANG_WARN_CONSTANT_CONVERSION = YES;
				CLANG_WARN_DIRECT_OBJC_ISA_USAGE = YES_ERROR;
				CLANG_WARN_DOCUMENTATION_COMMENTS = YES;
				CLANG_WARN_EMPTY_BODY = YES;
				CLANG_WARN_ENUM_CONVERSION = YES;
				CLANG_WARN_INFINITE_RECURSION = YES;
				CLANG_WARN_INT_CONVERSION = YES;
				CLANG_WARN_NON_LITERAL_NULL_CONVERSION = YES;
				CLANG_WARN_OBJC_LITERAL_CONVERSION = YES;
				CLANG_WARN_OBJC_ROOT_CLASS = YES_ERROR;
				CLANG_WARN_RANGE_LOOP_ANALYSIS = YES;
				CLANG_WARN_STRICT_PROTOTYPES = YES;
				CLANG_WARN_SUSPICIOUS_MOVE = YES;
				CLANG_WARN_UNGUARDED_AVAILABILITY = YES_AGGRESSIVE;
				CLANG_WARN_UNREACHABLE_CODE = YES;
				CLANG_WARN__DUPLICATE_METHOD_MATCH = YES;
				CODE_SIGN_IDENTITY = "iPhone Developer";
				COPY_PHASE_STRIP = NO;
				DEBUG_INFORMATION_FORMAT = dwarf;
				ENABLE_STRICT_OBJC_MSGSEND = YES;
				ENABLE_TESTABILITY = YES;
				GCC_C_LANGUAGE_STANDARD = gnu11;
				GCC_DYNAMIC_NO_PIC = NO;
				GCC_NO_COMMON_BLOCKS = YES;
				GCC_OPTIMIZATION_LEVEL = 0;
				GCC_PREPROCESSOR_DEFINITIONS = (
					"DEBUG=1",
					"$(inherited)",
				);
				GCC_WARN_64_TO_32_BIT_CONVERSION = YES;
				GCC_WARN_ABOUT_RETURN_TYPE = YES_ERROR;
				GCC_WARN_UNDECLARED_SELECTOR = YES;
				GCC_WARN_UNINITIALIZED_AUTOS = YES_AGGRESSIVE;
				GCC_WARN_UNUSED_FUNCTION = YES;
				GCC_WARN_UNUSED_VARIABLE = YES;
				IPHONEOS_DEPLOYMENT_TARGET = 11.2;
				MTL_ENABLE_DEBUG_INFO = YES;
				ONLY_ACTIVE_ARCH = YES;
				SDKROOT = iphoneos;
				SWIFT_ACTIVE_COMPILATION_CONDITIONS = DEBUG;
				SWIFT_OPTIMIZATION_LEVEL = "-Onone";
			};
			name = Debug;
		};
		CC363696206359D1000B1EC2 /* Release */ = {
			isa = XCBuildConfiguration;
			buildSettings = {
				ALWAYS_SEARCH_USER_PATHS = NO;
				CLANG_ANALYZER_NONNULL = YES;
				CLANG_ANALYZER_NUMBER_OBJECT_CONVERSION = YES_AGGRESSIVE;
				CLANG_CXX_LANGUAGE_STANDARD = "gnu++14";
				CLANG_CXX_LIBRARY = "libc++";
				CLANG_ENABLE_MODULES = YES;
				CLANG_ENABLE_OBJC_ARC = YES;
				CLANG_WARN_BLOCK_CAPTURE_AUTORELEASING = YES;
				CLANG_WARN_BOOL_CONVERSION = YES;
				CLANG_WARN_COMMA = YES;
				CLANG_WARN_CONSTANT_CONVERSION = YES;
				CLANG_WARN_DIRECT_OBJC_ISA_USAGE = YES_ERROR;
				CLANG_WARN_DOCUMENTATION_COMMENTS = YES;
				CLANG_WARN_EMPTY_BODY = YES;
				CLANG_WARN_ENUM_CONVERSION = YES;
				CLANG_WARN_INFINITE_RECURSION = YES;
				CLANG_WARN_INT_CONVERSION = YES;
				CLANG_WARN_NON_LITERAL_NULL_CONVERSION = YES;
				CLANG_WARN_OBJC_LITERAL_CONVERSION = YES;
				CLANG_WARN_OBJC_ROOT_CLASS = YES_ERROR;
				CLANG_WARN_RANGE_LOOP_ANALYSIS = YES;
				CLANG_WARN_STRICT_PROTOTYPES = YES;
				CLANG_WARN_SUSPICIOUS_MOVE = YES;
				CLANG_WARN_UNGUARDED_AVAILABILITY = YES_AGGRESSIVE;
				CLANG_WARN_UNREACHABLE_CODE = YES;
				CLANG_WARN__DUPLICATE_METHOD_MATCH = YES;
				CODE_SIGN_IDENTITY = "iPhone Developer";
				COPY_PHASE_STRIP = NO;
				DEBUG_INFORMATION_FORMAT = "dwarf-with-dsym";
				ENABLE_NS_ASSERTIONS = NO;
				ENABLE_STRICT_OBJC_MSGSEND = YES;
				GCC_C_LANGUAGE_STANDARD = gnu11;
				GCC_NO_COMMON_BLOCKS = YES;
				GCC_WARN_64_TO_32_BIT_CONVERSION = YES;
				GCC_WARN_ABOUT_RETURN_TYPE = YES_ERROR;
				GCC_WARN_UNDECLARED_SELECTOR = YES;
				GCC_WARN_UNINITIALIZED_AUTOS = YES_AGGRESSIVE;
				GCC_WARN_UNUSED_FUNCTION = YES;
				GCC_WARN_UNUSED_VARIABLE = YES;
				IPHONEOS_DEPLOYMENT_TARGET = 11.2;
				MTL_ENABLE_DEBUG_INFO = NO;
				SDKROOT = iphoneos;
				SWIFT_OPTIMIZATION_LEVEL = "-Owholemodule";
				VALIDATE_PRODUCT = YES;
			};
			name = Release;
		};
		CC363698206359D1000B1EC2 /* Debug */ = {
			isa = XCBuildConfiguration;
			buildSettings = {
				ASSETCATALOG_COMPILER_APPICON_NAME = AppIcon;
				CODE_SIGN_STYLE = Automatic;
				DEVELOPMENT_TEAM = HKEK57AU3M;
				INFOPLIST_FILE = "Helpora-iOS/Info.plist";
				LD_RUNPATH_SEARCH_PATHS = "$(inherited) @executable_path/Frameworks";
				PRODUCT_BUNDLE_IDENTIFIER = "aeta.Helpora-iOS";
				PRODUCT_NAME = "$(TARGET_NAME)";
				SWIFT_VERSION = 4.0;
				TARGETED_DEVICE_FAMILY = "1,2";
			};
			name = Debug;
		};
		CC363699206359D1000B1EC2 /* Release */ = {
			isa = XCBuildConfiguration;
			buildSettings = {
				ASSETCATALOG_COMPILER_APPICON_NAME = AppIcon;
				CODE_SIGN_STYLE = Automatic;
				DEVELOPMENT_TEAM = HKEK57AU3M;
				INFOPLIST_FILE = "Helpora-iOS/Info.plist";
				LD_RUNPATH_SEARCH_PATHS = "$(inherited) @executable_path/Frameworks";
				PRODUCT_BUNDLE_IDENTIFIER = "aeta.Helpora-iOS";
				PRODUCT_NAME = "$(TARGET_NAME)";
				SWIFT_VERSION = 4.0;
				TARGETED_DEVICE_FAMILY = "1,2";
			};
			name = Release;
		};
/* End XCBuildConfiguration section */

/* Begin XCConfigurationList section */
		CC363680206359D1000B1EC2 /* Build configuration list for PBXProject "Helpora-iOS" */ = {
			isa = XCConfigurationList;
			buildConfigurations = (
				CC363695206359D1000B1EC2 /* Debug */,
				CC363696206359D1000B1EC2 /* Release */,
			);
			defaultConfigurationIsVisible = 0;
			defaultConfigurationName = Release;
		};
		CC363697206359D1000B1EC2 /* Build configuration list for PBXNativeTarget "Helpora-iOS" */ = {
			isa = XCConfigurationList;
			buildConfigurations = (
				CC363698206359D1000B1EC2 /* Debug */,
				CC363699206359D1000B1EC2 /* Release */,
			);
			defaultConfigurationIsVisible = 0;
			defaultConfigurationName = Release;
		};
/* End XCConfigurationList section */
	};
	rootObject = CC36367D206359D1000B1EC2 /* Project object */;
}
